
Microsoft Visual Studio Solution File, Format Version 12.00
# Visual Studio Version 16
VisualStudioVersion = 16.0.31410.357
MinimumVisualStudioVersion = 10.0.40219.1
Project("{FAE04EC0-301F-11D3-BF4B-00C04F79EFBC}") = "Q14", "Q14\Q14.csproj", "{F41048F8-3497-4952-BE31-4A17B9BBD447}"
EndProject
Global
	GlobalSection(SolutionConfigurationPlatforms) = preSolution
		Debug|Any CPU = Debug|Any CPU
		Release|Any CPU = Release|Any CPU
	EndGlobalSection
	GlobalSection(ProjectConfigurationPlatforms) = postSolution
		{F41048F8-3497-4952-BE31-4A17B9BBD447}.Debug|Any CPU.ActiveCfg = Debug|Any CPU
		{F41048F8-3497-4952-BE31-4A17B9BBD447}.Debug|Any CPU.Build.0 = Debug|Any CPU
		{F41048F8-3497-4952-BE31-4A17B9BBD447}.Release|Any CPU.ActiveCfg = Release|Any CPU
		{F41048F8-3497-4952-BE31-4A17B9BBD447}.Release|Any CPU.Build.0 = Release|Any CPU
	EndGlobalSection
	GlobalSection(SolutionProperties) = preSolution
		HideSolutionNode = FALSE
	EndGlobalSection
	GlobalSection(ExtensibilityGlobals) = postSolution
		SolutionGuid = {7201BFEF-CD6F-4A62-8C9F-595EC8C3C130}
	EndGlobalSection
EndGlobal
